<?xml version="1.0" encoding="utf-8"?>
<Project ToolsVersion="4.0" xmlns="http://schemas.microsoft.com/developer/msbuild/2003">
  <ItemGroup>
    <Filter Include="OpenGL">
      <UniqueIdentifier>{4FC737F1-C7A5-4376-A066-2A32D752A2FF}</UniqueIdentifier>
      <Extensions>cpp;c;cc;cxx;c++;cppm;ixx;def;odl;idl;hpj;bat;asm;asmx</Extensions>
    </Filter>
    <Filter Include="OpenGL\game">
      <UniqueIdentifier>{c1cf12e2-0885-4ef4-b372-e0a750ccaf76}</UniqueIdentifier>
    </Filter>
    <Filter Include="OpenGL\game\src">
      <UniqueIdentifier>{388413e8-dfce-419e-b541-3d365c72bb15}</UniqueIdentifier>
    </Filter>
    <Filter Include="OpenGL\game\include">
      <UniqueIdentifier>{bd1dba8c-328b-4ff5-9387-4d927793e759}</UniqueIdentifier>
    </Filter>
    <Filter Include="OpenGL\common">
      <UniqueIdentifier>{3fbf4c2d-996c-4d31-9aee-7e87633c7b8f}</UniqueIdentifier>
    </Filter>
    <Filter Include="OpenGL\common\src">
      <UniqueIdentifier>{3041b23d-d4a3-491c-9c3d-741b427d3b3e}</UniqueIdentifier>
    </Filter>
    <Filter Include="OpenGL\common\include">
      <UniqueIdentifier>{c3f9e66e-bace-453d-9026-512ebbddccaa}</UniqueIdentifier>
    </Filter>
  </ItemGroup>
  <ItemGroup>
    <ClCompile Include="..\..\opengl_lib\glad.c">
      <Filter>OpenGL</Filter>
    </ClCompile>
    <ClCompile Include="game\src\GameMain.cpp">
      <Filter>OpenGL\game\src</Filter>
    </ClCompile>
    <ClCompile Include="common\src\Common.cpp">
      <Filter>OpenGL\common\src</Filter>
    </ClCompile>
    <ClCompile Include="common\src\GameWindow.cpp">
      <Filter>OpenGL\common\src</Filter>
    </ClCompile>
    <ClCompile Include="common\src\Backround.cpp">
      <Filter>OpenGL\common\src</Filter>
    </ClCompile>
  </ItemGroup>
  <ItemGroup>
    <ClInclude Include="game\include\Game.h">
      <Filter>OpenGL\game\include</Filter>
    </ClInclude>
    <ClInclude Include="common\include\Common.h">
      <Filter>OpenGL\common\include</Filter>
    </ClInclude>
    <ClInclude Include="common\include\GameWindow.h">
      <Filter>OpenGL\common\include</Filter>
    </ClInclude>
    <ClInclude Include="common\include\Backround.h">
      <Filter>OpenGL\common\include</Filter>
    </ClInclude>
    <ClInclude Include="common\include\VertexBufferData.h">
      <Filter>OpenGL\common\include</Filter>
    </ClInclude>
  </ItemGroup>
</Project>